
Microsoft Visual Studio Solution File, Format Version 12.00
# Visual Studio Version 17
VisualStudioVersion = 17.2.32526.322
MinimumVisualStudioVersion = 10.0.40219.1
Project("{9A19103F-16F7-4668-BE54-9A1E7A4F7556}") = "WebAppSST_Test", "WebAppSST_Test\WebAppSST_Test.csproj", "{72134B74-9D8A-4B7E-8677-CEF592F03CDB}"
EndProject
Global
	GlobalSection(SolutionConfigurationPlatforms) = preSolution
		Debug|Any CPU = Debug|Any CPU
		Release|Any CPU = Release|Any CPU
	EndGlobalSection
	GlobalSection(ProjectConfigurationPlatforms) = postSolution
		{72134B74-9D8A-4B7E-8677-CEF592F03CDB}.Debug|Any CPU.ActiveCfg = Debug|Any CPU
		{72134B74-9D8A-4B7E-8677-CEF592F03CDB}.Debug|Any CPU.Build.0 = Debug|Any CPU
		{72134B74-9D8A-4B7E-8677-CEF592F03CDB}.Release|Any CPU.ActiveCfg = Release|Any CPU
		{72134B74-9D8A-4B7E-8677-CEF592F03CDB}.Release|Any CPU.Build.0 = Release|Any CPU
	EndGlobalSection
	GlobalSection(SolutionProperties) = preSolution
		HideSolutionNode = FALSE
	EndGlobalSection
	GlobalSection(ExtensibilityGlobals) = postSolution
		SolutionGuid = {3D4B1FD9-E920-4161-8040-95A3B3BF794C}
	EndGlobalSection
EndGlobal
